// !$*UTF8*$!
{
	archiveVersion = 1;
	classes = {
	};
	objectVersion = 56;
	objects = {

/* Begin PBXBuildFile section */
		A21296462BC5B8F300D63674 /* LoginViewController_AutoLayout.swift in Sources */ = {isa = PBXBuildFile; fileRef = A21296452BC5B8F300D63674 /* LoginViewController_AutoLayout.swift */; };
		A21296482BC5B90100D63674 /* WelcomeViewController_AutoLayout.swift in Sources */ = {isa = PBXBuildFile; fileRef = A21296472BC5B90100D63674 /* WelcomeViewController_AutoLayout.swift */; };
		A23C2F102C01BBF900C1A949 /* LoginViewController_DI.swift in Sources */ = {isa = PBXBuildFile; fileRef = A23C2F0F2C01BBF900C1A949 /* LoginViewController_DI.swift */; };
		A23C2F132C01C75600C1A949 /* RxBlocking in Frameworks */ = {isa = PBXBuildFile; productRef = A23C2F122C01C75600C1A949 /* RxBlocking */; };
		A23C2F152C01C75600C1A949 /* RxBlocking-Dynamic in Frameworks */ = {isa = PBXBuildFile; productRef = A23C2F142C01C75600C1A949 /* RxBlocking-Dynamic */; };
		A23C2F172C01C75600C1A949 /* RxCocoa in Frameworks */ = {isa = PBXBuildFile; productRef = A23C2F162C01C75600C1A949 /* RxCocoa */; };
		A23C2F192C01C75600C1A949 /* RxCocoa-Dynamic in Frameworks */ = {isa = PBXBuildFile; productRef = A23C2F182C01C75600C1A949 /* RxCocoa-Dynamic */; };
		A23C2F1B2C01C75600C1A949 /* RxRelay in Frameworks */ = {isa = PBXBuildFile; productRef = A23C2F1A2C01C75600C1A949 /* RxRelay */; };
		A23C2F1D2C01C96E00C1A949 /* LoginViewController_Rx.swift in Sources */ = {isa = PBXBuildFile; fileRef = A23C2F1C2C01C96E00C1A949 /* LoginViewController_Rx.swift */; };
		A23C2F1F2C01CB2500C1A949 /* LoginViewController_LiveCoding.swift in Sources */ = {isa = PBXBuildFile; fileRef = A23C2F1E2C01CB2500C1A949 /* LoginViewController_LiveCoding.swift */; };
		A257FFD62BC11492004F58DD /* LoginViewController_DelegatePattern.swift in Sources */ = {isa = PBXBuildFile; fileRef = A257FFD52BC11492004F58DD /* LoginViewController_DelegatePattern.swift */; };
		A257FFD82BC1149D004F58DD /* WelcomeViewController_DelegatePattern.swift in Sources */ = {isa = PBXBuildFile; fileRef = A257FFD72BC1149D004F58DD /* WelcomeViewController_DelegatePattern.swift */; };
		A257FFDA2BC11B55004F58DD /* LoginViewController_Closure.swift in Sources */ = {isa = PBXBuildFile; fileRef = A257FFD92BC11B55004F58DD /* LoginViewController_Closure.swift */; };
		A257FFDC2BC11B60004F58DD /* WelcomeViewController_Closure.swift in Sources */ = {isa = PBXBuildFile; fileRef = A257FFDB2BC11B60004F58DD /* WelcomeViewController_Closure.swift */; };
		A257FFDE2BC1247F004F58DD /* BadukPanViewController.swift in Sources */ = {isa = PBXBuildFile; fileRef = A257FFDD2BC1247F004F58DD /* BadukPanViewController.swift */; };
		A257FFE12BC127F2004F58DD /* SnapKit in Frameworks */ = {isa = PBXBuildFile; productRef = A257FFE02BC127F2004F58DD /* SnapKit */; };
		A257FFE32BC127F2004F58DD /* SnapKit-Dynamic in Frameworks */ = {isa = PBXBuildFile; productRef = A257FFE22BC127F2004F58DD /* SnapKit-Dynamic */; };
		A257FFE52BC12BB5004F58DD /* LoginViewController_SnapKit.swift in Sources */ = {isa = PBXBuildFile; fileRef = A257FFE42BC12BB5004F58DD /* LoginViewController_SnapKit.swift */; };
		A257FFE72BC12BBF004F58DD /* WelcomeViewController_SnapKit.swift in Sources */ = {isa = PBXBuildFile; fileRef = A257FFE62BC12BBF004F58DD /* WelcomeViewController_SnapKit.swift */; };
		A257FFE92BC132E4004F58DD /* ScrollExViewController.swift in Sources */ = {isa = PBXBuildFile; fileRef = A257FFE82BC132E4004F58DD /* ScrollExViewController.swift */; };
		A25EEA8F2BB7D7AD005290C7 /* AppDelegate.swift in Sources */ = {isa = PBXBuildFile; fileRef = A25EEA8E2BB7D7AD005290C7 /* AppDelegate.swift */; };
		A25EEA912BB7D7AD005290C7 /* SceneDelegate.swift in Sources */ = {isa = PBXBuildFile; fileRef = A25EEA902BB7D7AD005290C7 /* SceneDelegate.swift */; };
		A25EEA932BB7D7AD005290C7 /* ViewController.swift in Sources */ = {isa = PBXBuildFile; fileRef = A25EEA922BB7D7AD005290C7 /* ViewController.swift */; };
		A25EEA962BB7D7AD005290C7 /* Main.storyboard in Resources */ = {isa = PBXBuildFile; fileRef = A25EEA942BB7D7AD005290C7 /* Main.storyboard */; };
		A25EEA982BB7D7AE005290C7 /* Assets.xcassets in Resources */ = {isa = PBXBuildFile; fileRef = A25EEA972BB7D7AE005290C7 /* Assets.xcassets */; };
		A25EEA9B2BB7D7AE005290C7 /* LaunchScreen.storyboard in Resources */ = {isa = PBXBuildFile; fileRef = A25EEA992BB7D7AE005290C7 /* LaunchScreen.storyboard */; };
		A25EEAA32BB7E4A6005290C7 /* LoginViewController.swift in Sources */ = {isa = PBXBuildFile; fileRef = A25EEAA22BB7E4A6005290C7 /* LoginViewController.swift */; };
		A293D3022BD38875007CA9DC /* LoginView.swift in Sources */ = {isa = PBXBuildFile; fileRef = A293D3012BD38875007CA9DC /* LoginView.swift */; };
		A293D3052BD389D7007CA9DC /* Then in Frameworks */ = {isa = PBXBuildFile; productRef = A293D3042BD389D7007CA9DC /* Then */; };
		A293D3072BD38B63007CA9DC /* LoginViewController_CustomView.swift in Sources */ = {isa = PBXBuildFile; fileRef = A293D3062BD38B63007CA9DC /* LoginViewController_CustomView.swift */; };
		A293D3092BD38E00007CA9DC /* ChatViewController.swift in Sources */ = {isa = PBXBuildFile; fileRef = A293D3082BD38E00007CA9DC /* ChatViewController.swift */; };
		A293D30D2BD38EC0007CA9DC /* ChatTableViewCell.swift in Sources */ = {isa = PBXBuildFile; fileRef = A293D30C2BD38EC0007CA9DC /* ChatTableViewCell.swift */; };
		A293D30F2BD39DBA007CA9DC /* ChatModel.swift in Sources */ = {isa = PBXBuildFile; fileRef = A293D30E2BD39DBA007CA9DC /* ChatModel.swift */; };
		A293D3112BD3A6BD007CA9DC /* ItemViewController.swift in Sources */ = {isa = PBXBuildFile; fileRef = A293D3102BD3A6BD007CA9DC /* ItemViewController.swift */; };
		A293D3132BD3A98D007CA9DC /* ItemCollectionViewCell.swift in Sources */ = {isa = PBXBuildFile; fileRef = A293D3122BD3A98D007CA9DC /* ItemCollectionViewCell.swift */; };
		A293D3172BDBCEDD007CA9DC /* ItemModel.swift in Sources */ = {isa = PBXBuildFile; fileRef = A293D3162BDBCEDD007CA9DC /* ItemModel.swift */; };
		A293D3192BDBD517007CA9DC /* UIFont+.swift in Sources */ = {isa = PBXBuildFile; fileRef = A293D3182BDBD517007CA9DC /* UIFont+.swift */; };
		A2CBAAAD2BDCCAF500E42ECB /* CombineMoya in Frameworks */ = {isa = PBXBuildFile; productRef = A2CBAAAC2BDCCAF500E42ECB /* CombineMoya */; };
		A2CBAAAF2BDCCAF500E42ECB /* Moya in Frameworks */ = {isa = PBXBuildFile; productRef = A2CBAAAE2BDCCAF500E42ECB /* Moya */; };
		A2CBAAB12BDCCAF500E42ECB /* ReactiveMoya in Frameworks */ = {isa = PBXBuildFile; productRef = A2CBAAB02BDCCAF500E42ECB /* ReactiveMoya */; };
		A2CBAAB32BDCCAF500E42ECB /* RxMoya in Frameworks */ = {isa = PBXBuildFile; productRef = A2CBAAB22BDCCAF500E42ECB /* RxMoya */; };
		A2CBAAB62BDCCB6100E42ECB /* Config.swift in Sources */ = {isa = PBXBuildFile; fileRef = A2CBAAB52BDCCB6100E42ECB /* Config.swift */; };
		A2CBAAB82BDCCDF700E42ECB /* NetworkResult.swift in Sources */ = {isa = PBXBuildFile; fileRef = A2CBAAB72BDCCDF700E42ECB /* NetworkResult.swift */; };
		A2CBAABA2BDCCE1B00E42ECB /* MoyaLoggingPlugin.swift in Sources */ = {isa = PBXBuildFile; fileRef = A2CBAAB92BDCCE1B00E42ECB /* MoyaLoggingPlugin.swift */; };
		A2CBAABC2BDCCE2D00E42ECB /* SignUpRequestModel.swift in Sources */ = {isa = PBXBuildFile; fileRef = A2CBAABB2BDCCE2D00E42ECB /* SignUpRequestModel.swift */; };
		A2CBAABE2BDCCE4700E42ECB /* PlainResponseModel.swift in Sources */ = {isa = PBXBuildFile; fileRef = A2CBAABD2BDCCE4700E42ECB /* PlainResponseModel.swift */; };
		A2CBAAC02BDCCE5800E42ECB /* SignUpViewController.swift in Sources */ = {isa = PBXBuildFile; fileRef = A2CBAABF2BDCCE5800E42ECB /* SignUpViewController.swift */; };
		A2CBAAC22BDCCE7400E42ECB /* UserTargetType.swift in Sources */ = {isa = PBXBuildFile; fileRef = A2CBAAC12BDCCE7400E42ECB /* UserTargetType.swift */; };
		A2CBAAC42BDCCE8300E42ECB /* UserService.swift in Sources */ = {isa = PBXBuildFile; fileRef = A2CBAAC32BDCCE8300E42ECB /* UserService.swift */; };
		A2CBAAC62BDCCE9100E42ECB /* CheckUserInfoViewController.swift in Sources */ = {isa = PBXBuildFile; fileRef = A2CBAAC52BDCCE9100E42ECB /* CheckUserInfoViewController.swift */; };
		A2CBAAC82BDCCEA000E42ECB /* UserInfoResponseModel.swift in Sources */ = {isa = PBXBuildFile; fileRef = A2CBAAC72BDCCEA000E42ECB /* UserInfoResponseModel.swift */; };
		A2CBAACB2BDCD88100E42ECB /* LoginRequestModel.swift in Sources */ = {isa = PBXBuildFile; fileRef = A2CBAACA2BDCD88100E42ECB /* LoginRequestModel.swift */; };
		A2F5E64E2BB7E8D800687F98 /* WelcomeViewController.swift in Sources */ = {isa = PBXBuildFile; fileRef = A2F5E64D2BB7E8D800687F98 /* WelcomeViewController.swift */; };
		A2F5E6592BBABA7500687F98 /* Pretendard-Light.otf in Resources */ = {isa = PBXBuildFile; fileRef = A2F5E6502BBABA7500687F98 /* Pretendard-Light.otf */; };
		A2F5E65A2BBABA7500687F98 /* Pretendard-ExtraLight.otf in Resources */ = {isa = PBXBuildFile; fileRef = A2F5E6512BBABA7500687F98 /* Pretendard-ExtraLight.otf */; };
		A2F5E65B2BBABA7500687F98 /* Pretendard-Medium.otf in Resources */ = {isa = PBXBuildFile; fileRef = A2F5E6522BBABA7500687F98 /* Pretendard-Medium.otf */; };
		A2F5E65C2BBABA7500687F98 /* Pretendard-SemiBold.otf in Resources */ = {isa = PBXBuildFile; fileRef = A2F5E6532BBABA7500687F98 /* Pretendard-SemiBold.otf */; };
		A2F5E65D2BBABA7500687F98 /* Pretendard-Bold.otf in Resources */ = {isa = PBXBuildFile; fileRef = A2F5E6542BBABA7500687F98 /* Pretendard-Bold.otf */; };
		A2F5E65E2BBABA7500687F98 /* Pretendard-Black.otf in Resources */ = {isa = PBXBuildFile; fileRef = A2F5E6552BBABA7500687F98 /* Pretendard-Black.otf */; };
		A2F5E65F2BBABA7500687F98 /* Pretendard-Regular.otf in Resources */ = {isa = PBXBuildFile; fileRef = A2F5E6562BBABA7500687F98 /* Pretendard-Regular.otf */; };
		A2F5E6602BBABA7500687F98 /* Pretendard-ExtraBold.otf in Resources */ = {isa = PBXBuildFile; fileRef = A2F5E6572BBABA7500687F98 /* Pretendard-ExtraBold.otf */; };
		A2F5E6612BBABA7500687F98 /* Pretendard-Thin.otf in Resources */ = {isa = PBXBuildFile; fileRef = A2F5E6582BBABA7500687F98 /* Pretendard-Thin.otf */; };
/* End PBXBuildFile section */

/* Begin PBXFileReference section */
		A21296452BC5B8F300D63674 /* LoginViewController_AutoLayout.swift */ = {isa = PBXFileReference; lastKnownFileType = sourcecode.swift; path = LoginViewController_AutoLayout.swift; sourceTree = "<group>"; };
		A21296472BC5B90100D63674 /* WelcomeViewController_AutoLayout.swift */ = {isa = PBXFileReference; lastKnownFileType = sourcecode.swift; path = WelcomeViewController_AutoLayout.swift; sourceTree = "<group>"; };
		A23C2F0F2C01BBF900C1A949 /* LoginViewController_DI.swift */ = {isa = PBXFileReference; lastKnownFileType = sourcecode.swift; path = LoginViewController_DI.swift; sourceTree = "<group>"; };
		A23C2F1C2C01C96E00C1A949 /* LoginViewController_Rx.swift */ = {isa = PBXFileReference; lastKnownFileType = sourcecode.swift; path = LoginViewController_Rx.swift; sourceTree = "<group>"; };
		A23C2F1E2C01CB2500C1A949 /* LoginViewController_LiveCoding.swift */ = {isa = PBXFileReference; lastKnownFileType = sourcecode.swift; path = LoginViewController_LiveCoding.swift; sourceTree = "<group>"; };
		A257FFD52BC11492004F58DD /* LoginViewController_DelegatePattern.swift */ = {isa = PBXFileReference; lastKnownFileType = sourcecode.swift; path = LoginViewController_DelegatePattern.swift; sourceTree = "<group>"; };
		A257FFD72BC1149D004F58DD /* WelcomeViewController_DelegatePattern.swift */ = {isa = PBXFileReference; lastKnownFileType = sourcecode.swift; path = WelcomeViewController_DelegatePattern.swift; sourceTree = "<group>"; };
		A257FFD92BC11B55004F58DD /* LoginViewController_Closure.swift */ = {isa = PBXFileReference; lastKnownFileType = sourcecode.swift; path = LoginViewController_Closure.swift; sourceTree = "<group>"; };
		A257FFDB2BC11B60004F58DD /* WelcomeViewController_Closure.swift */ = {isa = PBXFileReference; lastKnownFileType = sourcecode.swift; path = WelcomeViewController_Closure.swift; sourceTree = "<group>"; };
		A257FFDD2BC1247F004F58DD /* BadukPanViewController.swift */ = {isa = PBXFileReference; lastKnownFileType = sourcecode.swift; path = BadukPanViewController.swift; sourceTree = "<group>"; };
		A257FFE42BC12BB5004F58DD /* LoginViewController_SnapKit.swift */ = {isa = PBXFileReference; lastKnownFileType = sourcecode.swift; path = LoginViewController_SnapKit.swift; sourceTree = "<group>"; };
		A257FFE62BC12BBF004F58DD /* WelcomeViewController_SnapKit.swift */ = {isa = PBXFileReference; lastKnownFileType = sourcecode.swift; path = WelcomeViewController_SnapKit.swift; sourceTree = "<group>"; };
		A257FFE82BC132E4004F58DD /* ScrollExViewController.swift */ = {isa = PBXFileReference; lastKnownFileType = sourcecode.swift; path = ScrollExViewController.swift; sourceTree = "<group>"; };
		A25EEA8B2BB7D7AD005290C7 /* 34th-SOPT-1st-Seminar.app */ = {isa = PBXFileReference; explicitFileType = wrapper.application; includeInIndex = 0; path = "34th-SOPT-1st-Seminar.app"; sourceTree = BUILT_PRODUCTS_DIR; };
		A25EEA8E2BB7D7AD005290C7 /* AppDelegate.swift */ = {isa = PBXFileReference; lastKnownFileType = sourcecode.swift; path = AppDelegate.swift; sourceTree = "<group>"; };
		A25EEA902BB7D7AD005290C7 /* SceneDelegate.swift */ = {isa = PBXFileReference; lastKnownFileType = sourcecode.swift; path = SceneDelegate.swift; sourceTree = "<group>"; };
		A25EEA922BB7D7AD005290C7 /* ViewController.swift */ = {isa = PBXFileReference; lastKnownFileType = sourcecode.swift; path = ViewController.swift; sourceTree = "<group>"; };
		A25EEA952BB7D7AD005290C7 /* Base */ = {isa = PBXFileReference; lastKnownFileType = file.storyboard; name = Base; path = Base.lproj/Main.storyboard; sourceTree = "<group>"; };
		A25EEA972BB7D7AE005290C7 /* Assets.xcassets */ = {isa = PBXFileReference; lastKnownFileType = folder.assetcatalog; path = Assets.xcassets; sourceTree = "<group>"; };
		A25EEA9A2BB7D7AE005290C7 /* Base */ = {isa = PBXFileReference; lastKnownFileType = file.storyboard; name = Base; path = Base.lproj/LaunchScreen.storyboard; sourceTree = "<group>"; };
		A25EEA9C2BB7D7AE005290C7 /* Info.plist */ = {isa = PBXFileReference; lastKnownFileType = text.plist.xml; path = Info.plist; sourceTree = "<group>"; };
		A25EEAA22BB7E4A6005290C7 /* LoginViewController.swift */ = {isa = PBXFileReference; lastKnownFileType = sourcecode.swift; path = LoginViewController.swift; sourceTree = "<group>"; };
		A293D3012BD38875007CA9DC /* LoginView.swift */ = {isa = PBXFileReference; lastKnownFileType = sourcecode.swift; path = LoginView.swift; sourceTree = "<group>"; };
		A293D3062BD38B63007CA9DC /* LoginViewController_CustomView.swift */ = {isa = PBXFileReference; lastKnownFileType = sourcecode.swift; path = LoginViewController_CustomView.swift; sourceTree = "<group>"; };
		A293D3082BD38E00007CA9DC /* ChatViewController.swift */ = {isa = PBXFileReference; lastKnownFileType = sourcecode.swift; path = ChatViewController.swift; sourceTree = "<group>"; };
		A293D30C2BD38EC0007CA9DC /* ChatTableViewCell.swift */ = {isa = PBXFileReference; lastKnownFileType = sourcecode.swift; path = ChatTableViewCell.swift; sourceTree = "<group>"; };
		A293D30E2BD39DBA007CA9DC /* ChatModel.swift */ = {isa = PBXFileReference; lastKnownFileType = sourcecode.swift; path = ChatModel.swift; sourceTree = "<group>"; };
		A293D3102BD3A6BD007CA9DC /* ItemViewController.swift */ = {isa = PBXFileReference; lastKnownFileType = sourcecode.swift; path = ItemViewController.swift; sourceTree = "<group>"; };
		A293D3122BD3A98D007CA9DC /* ItemCollectionViewCell.swift */ = {isa = PBXFileReference; lastKnownFileType = sourcecode.swift; path = ItemCollectionViewCell.swift; sourceTree = "<group>"; };
		A293D3162BDBCEDD007CA9DC /* ItemModel.swift */ = {isa = PBXFileReference; lastKnownFileType = sourcecode.swift; path = ItemModel.swift; sourceTree = "<group>"; };
		A293D3182BDBD517007CA9DC /* UIFont+.swift */ = {isa = PBXFileReference; lastKnownFileType = sourcecode.swift; path = "UIFont+.swift"; sourceTree = "<group>"; };
		A2CBAAB52BDCCB6100E42ECB /* Config.swift */ = {isa = PBXFileReference; lastKnownFileType = sourcecode.swift; path = Config.swift; sourceTree = "<group>"; };
		A2CBAAB72BDCCDF700E42ECB /* NetworkResult.swift */ = {isa = PBXFileReference; lastKnownFileType = sourcecode.swift; path = NetworkResult.swift; sourceTree = "<group>"; };
		A2CBAAB92BDCCE1B00E42ECB /* MoyaLoggingPlugin.swift */ = {isa = PBXFileReference; lastKnownFileType = sourcecode.swift; path = MoyaLoggingPlugin.swift; sourceTree = "<group>"; };
		A2CBAABB2BDCCE2D00E42ECB /* SignUpRequestModel.swift */ = {isa = PBXFileReference; lastKnownFileType = sourcecode.swift; path = SignUpRequestModel.swift; sourceTree = "<group>"; };
		A2CBAABD2BDCCE4700E42ECB /* PlainResponseModel.swift */ = {isa = PBXFileReference; lastKnownFileType = sourcecode.swift; path = PlainResponseModel.swift; sourceTree = "<group>"; };
		A2CBAABF2BDCCE5800E42ECB /* SignUpViewController.swift */ = {isa = PBXFileReference; lastKnownFileType = sourcecode.swift; path = SignUpViewController.swift; sourceTree = "<group>"; };
		A2CBAAC12BDCCE7400E42ECB /* UserTargetType.swift */ = {isa = PBXFileReference; lastKnownFileType = sourcecode.swift; path = UserTargetType.swift; sourceTree = "<group>"; };
		A2CBAAC32BDCCE8300E42ECB /* UserService.swift */ = {isa = PBXFileReference; lastKnownFileType = sourcecode.swift; path = UserService.swift; sourceTree = "<group>"; };
		A2CBAAC52BDCCE9100E42ECB /* CheckUserInfoViewController.swift */ = {isa = PBXFileReference; lastKnownFileType = sourcecode.swift; path = CheckUserInfoViewController.swift; sourceTree = "<group>"; };
		A2CBAAC72BDCCEA000E42ECB /* UserInfoResponseModel.swift */ = {isa = PBXFileReference; lastKnownFileType = sourcecode.swift; path = UserInfoResponseModel.swift; sourceTree = "<group>"; };
		A2CBAACA2BDCD88100E42ECB /* LoginRequestModel.swift */ = {isa = PBXFileReference; lastKnownFileType = sourcecode.swift; path = LoginRequestModel.swift; sourceTree = "<group>"; };
		A2F5E64D2BB7E8D800687F98 /* WelcomeViewController.swift */ = {isa = PBXFileReference; lastKnownFileType = sourcecode.swift; path = WelcomeViewController.swift; sourceTree = "<group>"; };
		A2F5E6502BBABA7500687F98 /* Pretendard-Light.otf */ = {isa = PBXFileReference; lastKnownFileType = file; path = "Pretendard-Light.otf"; sourceTree = "<group>"; };
		A2F5E6512BBABA7500687F98 /* Pretendard-ExtraLight.otf */ = {isa = PBXFileReference; lastKnownFileType = file; path = "Pretendard-ExtraLight.otf"; sourceTree = "<group>"; };
		A2F5E6522BBABA7500687F98 /* Pretendard-Medium.otf */ = {isa = PBXFileReference; lastKnownFileType = file; path = "Pretendard-Medium.otf"; sourceTree = "<group>"; };
		A2F5E6532BBABA7500687F98 /* Pretendard-SemiBold.otf */ = {isa = PBXFileReference; lastKnownFileType = file; path = "Pretendard-SemiBold.otf"; sourceTree = "<group>"; };
		A2F5E6542BBABA7500687F98 /* Pretendard-Bold.otf */ = {isa = PBXFileReference; lastKnownFileType = file; path = "Pretendard-Bold.otf"; sourceTree = "<group>"; };
		A2F5E6552BBABA7500687F98 /* Pretendard-Black.otf */ = {isa = PBXFileReference; lastKnownFileType = file; path = "Pretendard-Black.otf"; sourceTree = "<group>"; };
		A2F5E6562BBABA7500687F98 /* Pretendard-Regular.otf */ = {isa = PBXFileReference; lastKnownFileType = file; path = "Pretendard-Regular.otf"; sourceTree = "<group>"; };
		A2F5E6572BBABA7500687F98 /* Pretendard-ExtraBold.otf */ = {isa = PBXFileReference; lastKnownFileType = file; path = "Pretendard-ExtraBold.otf"; sourceTree = "<group>"; };
		A2F5E6582BBABA7500687F98 /* Pretendard-Thin.otf */ = {isa = PBXFileReference; lastKnownFileType = file; path = "Pretendard-Thin.otf"; sourceTree = "<group>"; };
/* End PBXFileReference section */

/* Begin PBXFrameworksBuildPhase section */
		A25EEA882BB7D7AD005290C7 /* Frameworks */ = {
			isa = PBXFrameworksBuildPhase;
			buildActionMask = 2147483647;
			files = (
				A257FFE12BC127F2004F58DD /* SnapKit in Frameworks */,
				A293D3052BD389D7007CA9DC /* Then in Frameworks */,
				A23C2F172C01C75600C1A949 /* RxCocoa in Frameworks */,
				A2CBAAAD2BDCCAF500E42ECB /* CombineMoya in Frameworks */,
				A2CBAAAF2BDCCAF500E42ECB /* Moya in Frameworks */,
				A2CBAAB32BDCCAF500E42ECB /* RxMoya in Frameworks */,
				A23C2F1B2C01C75600C1A949 /* RxRelay in Frameworks */,
				A23C2F132C01C75600C1A949 /* RxBlocking in Frameworks */,
				A23C2F152C01C75600C1A949 /* RxBlocking-Dynamic in Frameworks */,
				A257FFE32BC127F2004F58DD /* SnapKit-Dynamic in Frameworks */,
				A2CBAAB12BDCCAF500E42ECB /* ReactiveMoya in Frameworks */,
				A23C2F192C01C75600C1A949 /* RxCocoa-Dynamic in Frameworks */,
			);
			runOnlyForDeploymentPostprocessing = 0;
		};
/* End PBXFrameworksBuildPhase section */

/* Begin PBXGroup section */
		A23C2F0E2C01BBDF00C1A949 /* 7th */ = {
			isa = PBXGroup;
			children = (
				A23C2F0F2C01BBF900C1A949 /* LoginViewController_DI.swift */,
				A23C2F1C2C01C96E00C1A949 /* LoginViewController_Rx.swift */,
				A23C2F1E2C01CB2500C1A949 /* LoginViewController_LiveCoding.swift */,
			);
			path = 7th;
			sourceTree = "<group>";
		};
		A257FFD32BC11461004F58DD /* 1st */ = {
			isa = PBXGroup;
			children = (
				A25EEAA22BB7E4A6005290C7 /* LoginViewController.swift */,
				A2F5E64D2BB7E8D800687F98 /* WelcomeViewController.swift */,
			);
			path = 1st;
			sourceTree = "<group>";
		};
		A257FFD42BC11466004F58DD /* 2nd */ = {
			isa = PBXGroup;
			children = (
				A21296452BC5B8F300D63674 /* LoginViewController_AutoLayout.swift */,
				A21296472BC5B90100D63674 /* WelcomeViewController_AutoLayout.swift */,
				A257FFD52BC11492004F58DD /* LoginViewController_DelegatePattern.swift */,
				A257FFD72BC1149D004F58DD /* WelcomeViewController_DelegatePattern.swift */,
				A257FFD92BC11B55004F58DD /* LoginViewController_Closure.swift */,
				A257FFDB2BC11B60004F58DD /* WelcomeViewController_Closure.swift */,
				A257FFDD2BC1247F004F58DD /* BadukPanViewController.swift */,
				A257FFE42BC12BB5004F58DD /* LoginViewController_SnapKit.swift */,
				A257FFE62BC12BBF004F58DD /* WelcomeViewController_SnapKit.swift */,
				A257FFE82BC132E4004F58DD /* ScrollExViewController.swift */,
			);
			path = 2nd;
			sourceTree = "<group>";
		};
		A25EEA822BB7D7AD005290C7 = {
			isa = PBXGroup;
			children = (
				A25EEA8D2BB7D7AD005290C7 /* 34th-SOPT-1st-Seminar */,
				A25EEA8C2BB7D7AD005290C7 /* Products */,
			);
			sourceTree = "<group>";
		};
		A25EEA8C2BB7D7AD005290C7 /* Products */ = {
			isa = PBXGroup;
			children = (
				A25EEA8B2BB7D7AD005290C7 /* 34th-SOPT-1st-Seminar.app */,
			);
			name = Products;
			sourceTree = "<group>";
		};
		A25EEA8D2BB7D7AD005290C7 /* 34th-SOPT-1st-Seminar */ = {
			isa = PBXGroup;
			children = (
				A2F5E64F2BBAB9DC00687F98 /* Pretendard */,
				A25EEA8E2BB7D7AD005290C7 /* AppDelegate.swift */,
				A25EEA902BB7D7AD005290C7 /* SceneDelegate.swift */,
				A25EEA922BB7D7AD005290C7 /* ViewController.swift */,
				A257FFD32BC11461004F58DD /* 1st */,
				A257FFD42BC11466004F58DD /* 2nd */,
				A293D3002BD38867007CA9DC /* 3rd */,
				A2CBAAB42BDCCB5500E42ECB /* 4th */,
				A23C2F0E2C01BBDF00C1A949 /* 7th */,
				A25EEA942BB7D7AD005290C7 /* Main.storyboard */,
				A25EEA972BB7D7AE005290C7 /* Assets.xcassets */,
				A25EEA992BB7D7AE005290C7 /* LaunchScreen.storyboard */,
				A25EEA9C2BB7D7AE005290C7 /* Info.plist */,
			);
			path = "34th-SOPT-1st-Seminar";
			sourceTree = "<group>";
		};
		A293D3002BD38867007CA9DC /* 3rd */ = {
			isa = PBXGroup;
			children = (
				A293D3012BD38875007CA9DC /* LoginView.swift */,
				A293D3062BD38B63007CA9DC /* LoginViewController_CustomView.swift */,
				A293D3082BD38E00007CA9DC /* ChatViewController.swift */,
				A293D30C2BD38EC0007CA9DC /* ChatTableViewCell.swift */,
				A293D30E2BD39DBA007CA9DC /* ChatModel.swift */,
				A293D3102BD3A6BD007CA9DC /* ItemViewController.swift */,
				A293D3122BD3A98D007CA9DC /* ItemCollectionViewCell.swift */,
				A293D3162BDBCEDD007CA9DC /* ItemModel.swift */,
				A293D3182BDBD517007CA9DC /* UIFont+.swift */,
			);
			path = 3rd;
			sourceTree = "<group>";
		};
		A2CBAAB42BDCCB5500E42ECB /* 4th */ = {
			isa = PBXGroup;
			children = (
				A2CBAAC92BDCD53200E42ECB /* Model */,
				A2CBAAB52BDCCB6100E42ECB /* Config.swift */,
				A2CBAAB72BDCCDF700E42ECB /* NetworkResult.swift */,
				A2CBAAC32BDCCE8300E42ECB /* UserService.swift */,
				A2CBAAC12BDCCE7400E42ECB /* UserTargetType.swift */,
				A2CBAABF2BDCCE5800E42ECB /* SignUpViewController.swift */,
				A2CBAAC52BDCCE9100E42ECB /* CheckUserInfoViewController.swift */,
				A2CBAAB92BDCCE1B00E42ECB /* MoyaLoggingPlugin.swift */,
			);
			path = 4th;
			sourceTree = "<group>";
		};
		A2CBAAC92BDCD53200E42ECB /* Model */ = {
			isa = PBXGroup;
			children = (
				A2CBAABB2BDCCE2D00E42ECB /* SignUpRequestModel.swift */,
				A2CBAABD2BDCCE4700E42ECB /* PlainResponseModel.swift */,
				A2CBAAC72BDCCEA000E42ECB /* UserInfoResponseModel.swift */,
				A2CBAACA2BDCD88100E42ECB /* LoginRequestModel.swift */,
			);
			path = Model;
			sourceTree = "<group>";
		};
		A2F5E64F2BBAB9DC00687F98 /* Pretendard */ = {
			isa = PBXGroup;
			children = (
				A2F5E6552BBABA7500687F98 /* Pretendard-Black.otf */,
				A2F5E6542BBABA7500687F98 /* Pretendard-Bold.otf */,
				A2F5E6572BBABA7500687F98 /* Pretendard-ExtraBold.otf */,
				A2F5E6512BBABA7500687F98 /* Pretendard-ExtraLight.otf */,
				A2F5E6502BBABA7500687F98 /* Pretendard-Light.otf */,
				A2F5E6522BBABA7500687F98 /* Pretendard-Medium.otf */,
				A2F5E6562BBABA7500687F98 /* Pretendard-Regular.otf */,
				A2F5E6532BBABA7500687F98 /* Pretendard-SemiBold.otf */,
				A2F5E6582BBABA7500687F98 /* Pretendard-Thin.otf */,
			);
			path = Pretendard;
			sourceTree = "<group>";
		};
/* End PBXGroup section */

/* Begin PBXNativeTarget section */
		A25EEA8A2BB7D7AD005290C7 /* 34th-SOPT-1st-Seminar */ = {
			isa = PBXNativeTarget;
			buildConfigurationList = A25EEA9F2BB7D7AE005290C7 /* Build configuration list for PBXNativeTarget "34th-SOPT-1st-Seminar" */;
			buildPhases = (
				A25EEA872BB7D7AD005290C7 /* Sources */,
				A25EEA882BB7D7AD005290C7 /* Frameworks */,
				A25EEA892BB7D7AD005290C7 /* Resources */,
			);
			buildRules = (
			);
			dependencies = (
			);
			name = "34th-SOPT-1st-Seminar";
			packageProductDependencies = (
				A257FFE02BC127F2004F58DD /* SnapKit */,
				A257FFE22BC127F2004F58DD /* SnapKit-Dynamic */,
				A293D3042BD389D7007CA9DC /* Then */,
				A2CBAAAC2BDCCAF500E42ECB /* CombineMoya */,
				A2CBAAAE2BDCCAF500E42ECB /* Moya */,
				A2CBAAB02BDCCAF500E42ECB /* ReactiveMoya */,
				A2CBAAB22BDCCAF500E42ECB /* RxMoya */,
				A23C2F122C01C75600C1A949 /* RxBlocking */,
				A23C2F142C01C75600C1A949 /* RxBlocking-Dynamic */,
				A23C2F162C01C75600C1A949 /* RxCocoa */,
				A23C2F182C01C75600C1A949 /* RxCocoa-Dynamic */,
				A23C2F1A2C01C75600C1A949 /* RxRelay */,
			);
			productName = "34th-SOPT-1st-Seminar";
			productReference = A25EEA8B2BB7D7AD005290C7 /* 34th-SOPT-1st-Seminar.app */;
			productType = "com.apple.product-type.application";
		};
/* End PBXNativeTarget section */

/* Begin PBXProject section */
		A25EEA832BB7D7AD005290C7 /* Project object */ = {
			isa = PBXProject;
			attributes = {
				BuildIndependentTargetsInParallel = 1;
				LastSwiftUpdateCheck = 1500;
				LastUpgradeCheck = 1500;
				TargetAttributes = {
					A25EEA8A2BB7D7AD005290C7 = {
						CreatedOnToolsVersion = 15.0;
					};
				};
			};
			buildConfigurationList = A25EEA862BB7D7AD005290C7 /* Build configuration list for PBXProject "34th-SOPT-1st-Seminar" */;
			compatibilityVersion = "Xcode 14.0";
			developmentRegion = en;
			hasScannedForEncodings = 0;
			knownRegions = (
				en,
				Base,
			);
			mainGroup = A25EEA822BB7D7AD005290C7;
			packageReferences = (
				A257FFDF2BC127F2004F58DD /* XCRemoteSwiftPackageReference "SnapKit" */,
				A293D3032BD389D7007CA9DC /* XCRemoteSwiftPackageReference "Then" */,
				A2CBAAAB2BDCCAF500E42ECB /* XCRemoteSwiftPackageReference "Moya" */,
				A23C2F112C01C75600C1A949 /* XCRemoteSwiftPackageReference "RxSwift" */,
			);
			productRefGroup = A25EEA8C2BB7D7AD005290C7 /* Products */;
			projectDirPath = "";
			projectRoot = "";
			targets = (
				A25EEA8A2BB7D7AD005290C7 /* 34th-SOPT-1st-Seminar */,
			);
		};
/* End PBXProject section */

/* Begin PBXResourcesBuildPhase section */
		A25EEA892BB7D7AD005290C7 /* Resources */ = {
			isa = PBXResourcesBuildPhase;
			buildActionMask = 2147483647;
			files = (
				A25EEA9B2BB7D7AE005290C7 /* LaunchScreen.storyboard in Resources */,
				A2F5E65D2BBABA7500687F98 /* Pretendard-Bold.otf in Resources */,
				A2F5E6592BBABA7500687F98 /* Pretendard-Light.otf in Resources */,
				A2F5E6612BBABA7500687F98 /* Pretendard-Thin.otf in Resources */,
				A2F5E65C2BBABA7500687F98 /* Pretendard-SemiBold.otf in Resources */,
				A2F5E65E2BBABA7500687F98 /* Pretendard-Black.otf in Resources */,
				A2F5E65A2BBABA7500687F98 /* Pretendard-ExtraLight.otf in Resources */,
				A2F5E6602BBABA7500687F98 /* Pretendard-ExtraBold.otf in Resources */,
				A25EEA982BB7D7AE005290C7 /* Assets.xcassets in Resources */,
				A2F5E65F2BBABA7500687F98 /* Pretendard-Regular.otf in Resources */,
				A25EEA962BB7D7AD005290C7 /* Main.storyboard in Resources */,
				A2F5E65B2BBABA7500687F98 /* Pretendard-Medium.otf in Resources */,
			);
			runOnlyForDeploymentPostprocessing = 0;
		};
/* End PBXResourcesBuildPhase section */

/* Begin PBXSourcesBuildPhase section */
		A25EEA872BB7D7AD005290C7 /* Sources */ = {
			isa = PBXSourcesBuildPhase;
			buildActionMask = 2147483647;
			files = (
				A257FFDA2BC11B55004F58DD /* LoginViewController_Closure.swift in Sources */,
				A293D3132BD3A98D007CA9DC /* ItemCollectionViewCell.swift in Sources */,
				A21296462BC5B8F300D63674 /* LoginViewController_AutoLayout.swift in Sources */,
				A23C2F102C01BBF900C1A949 /* LoginViewController_DI.swift in Sources */,
				A25EEAA32BB7E4A6005290C7 /* LoginViewController.swift in Sources */,
				A293D3072BD38B63007CA9DC /* LoginViewController_CustomView.swift in Sources */,
				A257FFDE2BC1247F004F58DD /* BadukPanViewController.swift in Sources */,
				A2CBAACB2BDCD88100E42ECB /* LoginRequestModel.swift in Sources */,
				A293D30D2BD38EC0007CA9DC /* ChatTableViewCell.swift in Sources */,
				A257FFE52BC12BB5004F58DD /* LoginViewController_SnapKit.swift in Sources */,
				A2F5E64E2BB7E8D800687F98 /* WelcomeViewController.swift in Sources */,
				A257FFD82BC1149D004F58DD /* WelcomeViewController_DelegatePattern.swift in Sources */,
				A23C2F1F2C01CB2500C1A949 /* LoginViewController_LiveCoding.swift in Sources */,
				A257FFE92BC132E4004F58DD /* ScrollExViewController.swift in Sources */,
				A2CBAAC62BDCCE9100E42ECB /* CheckUserInfoViewController.swift in Sources */,
				A2CBAAC22BDCCE7400E42ECB /* UserTargetType.swift in Sources */,
				A257FFD62BC11492004F58DD /* LoginViewController_DelegatePattern.swift in Sources */,
				A2CBAAB62BDCCB6100E42ECB /* Config.swift in Sources */,
				A21296482BC5B90100D63674 /* WelcomeViewController_AutoLayout.swift in Sources */,
				A25EEA932BB7D7AD005290C7 /* ViewController.swift in Sources */,
				A25EEA8F2BB7D7AD005290C7 /* AppDelegate.swift in Sources */,
				A293D3112BD3A6BD007CA9DC /* ItemViewController.swift in Sources */,
				A293D3192BDBD517007CA9DC /* UIFont+.swift in Sources */,
				A2CBAABA2BDCCE1B00E42ECB /* MoyaLoggingPlugin.swift in Sources */,
				A23C2F1D2C01C96E00C1A949 /* LoginViewController_Rx.swift in Sources */,
				A2CBAABE2BDCCE4700E42ECB /* PlainResponseModel.swift in Sources */,
				A2CBAABC2BDCCE2D00E42ECB /* SignUpRequestModel.swift in Sources */,
				A257FFDC2BC11B60004F58DD /* WelcomeViewController_Closure.swift in Sources */,
				A2CBAAB82BDCCDF700E42ECB /* NetworkResult.swift in Sources */,
				A293D30F2BD39DBA007CA9DC /* ChatModel.swift in Sources */,
				A2CBAAC02BDCCE5800E42ECB /* SignUpViewController.swift in Sources */,
				A257FFE72BC12BBF004F58DD /* WelcomeViewController_SnapKit.swift in Sources */,
				A293D3022BD38875007CA9DC /* LoginView.swift in Sources */,
				A2CBAAC42BDCCE8300E42ECB /* UserService.swift in Sources */,
				A293D3172BDBCEDD007CA9DC /* ItemModel.swift in Sources */,
				A2CBAAC82BDCCEA000E42ECB /* UserInfoResponseModel.swift in Sources */,
				A293D3092BD38E00007CA9DC /* ChatViewController.swift in Sources */,
				A25EEA912BB7D7AD005290C7 /* SceneDelegate.swift in Sources */,
			);
			runOnlyForDeploymentPostprocessing = 0;
		};
/* End PBXSourcesBuildPhase section */

/* Begin PBXVariantGroup section */
		A25EEA942BB7D7AD005290C7 /* Main.storyboard */ = {
			isa = PBXVariantGroup;
			children = (
				A25EEA952BB7D7AD005290C7 /* Base */,
			);
			name = Main.storyboard;
			sourceTree = "<group>";
		};
		A25EEA992BB7D7AE005290C7 /* LaunchScreen.storyboard */ = {
			isa = PBXVariantGroup;
			children = (
				A25EEA9A2BB7D7AE005290C7 /* Base */,
			);
			name = LaunchScreen.storyboard;
			sourceTree = "<group>";
		};
/* End PBXVariantGroup section */

/* Begin XCBuildConfiguration section */
		A25EEA9D2BB7D7AE005290C7 /* Debug */ = {
			isa = XCBuildConfiguration;
			buildSettings = {
				ALWAYS_SEARCH_USER_PATHS = NO;
				ASSETCATALOG_COMPILER_GENERATE_SWIFT_ASSET_SYMBOL_EXTENSIONS = YES;
				CLANG_ANALYZER_NONNULL = YES;
				CLANG_ANALYZER_NUMBER_OBJECT_CONVERSION = YES_AGGRESSIVE;
				CLANG_CXX_LANGUAGE_STANDARD = "gnu++20";
				CLANG_ENABLE_MODULES = YES;
				CLANG_ENABLE_OBJC_ARC = YES;
				CLANG_ENABLE_OBJC_WEAK = YES;
				CLANG_WARN_BLOCK_CAPTURE_AUTORELEASING = YES;
				CLANG_WARN_BOOL_CONVERSION = YES;
				CLANG_WARN_COMMA = YES;
				CLANG_WARN_CONSTANT_CONVERSION = YES;
				CLANG_WARN_DEPRECATED_OBJC_IMPLEMENTATIONS = YES;
				CLANG_WARN_DIRECT_OBJC_ISA_USAGE = YES_ERROR;
				CLANG_WARN_DOCUMENTATION_COMMENTS = YES;
				CLANG_WARN_EMPTY_BODY = YES;
				CLANG_WARN_ENUM_CONVERSION = YES;
				CLANG_WARN_INFINITE_RECURSION = YES;
				CLANG_WARN_INT_CONVERSION = YES;
				CLANG_WARN_NON_LITERAL_NULL_CONVERSION = YES;
				CLANG_WARN_OBJC_IMPLICIT_RETAIN_SELF = YES;
				CLANG_WARN_OBJC_LITERAL_CONVERSION = YES;
				CLANG_WARN_OBJC_ROOT_CLASS = YES_ERROR;
				CLANG_WARN_QUOTED_INCLUDE_IN_FRAMEWORK_HEADER = YES;
				CLANG_WARN_RANGE_LOOP_ANALYSIS = YES;
				CLANG_WARN_STRICT_PROTOTYPES = YES;
				CLANG_WARN_SUSPICIOUS_MOVE = YES;
				CLANG_WARN_UNGUARDED_AVAILABILITY = YES_AGGRESSIVE;
				CLANG_WARN_UNREACHABLE_CODE = YES;
				CLANG_WARN__DUPLICATE_METHOD_MATCH = YES;
				COPY_PHASE_STRIP = NO;
				DEBUG_INFORMATION_FORMAT = dwarf;
				ENABLE_STRICT_OBJC_MSGSEND = YES;
				ENABLE_TESTABILITY = YES;
				ENABLE_USER_SCRIPT_SANDBOXING = YES;
				GCC_C_LANGUAGE_STANDARD = gnu17;
				GCC_DYNAMIC_NO_PIC = NO;
				GCC_NO_COMMON_BLOCKS = YES;
				GCC_OPTIMIZATION_LEVEL = 0;
				GCC_PREPROCESSOR_DEFINITIONS = (
					"DEBUG=1",
					"$(inherited)",
				);
				GCC_WARN_64_TO_32_BIT_CONVERSION = YES;
				GCC_WARN_ABOUT_RETURN_TYPE = YES_ERROR;
				GCC_WARN_UNDECLARED_SELECTOR = YES;
				GCC_WARN_UNINITIALIZED_AUTOS = YES_AGGRESSIVE;
				GCC_WARN_UNUSED_FUNCTION = YES;
				GCC_WARN_UNUSED_VARIABLE = YES;
				IPHONEOS_DEPLOYMENT_TARGET = 17.0;
				LOCALIZATION_PREFERS_STRING_CATALOGS = YES;
				MTL_ENABLE_DEBUG_INFO = INCLUDE_SOURCE;
				MTL_FAST_MATH = YES;
				ONLY_ACTIVE_ARCH = YES;
				SDKROOT = iphoneos;
				SWIFT_ACTIVE_COMPILATION_CONDITIONS = "DEBUG $(inherited)";
				SWIFT_OPTIMIZATION_LEVEL = "-Onone";
			};
			name = Debug;
		};
		A25EEA9E2BB7D7AE005290C7 /* Release */ = {
			isa = XCBuildConfiguration;
			buildSettings = {
				ALWAYS_SEARCH_USER_PATHS = NO;
				ASSETCATALOG_COMPILER_GENERATE_SWIFT_ASSET_SYMBOL_EXTENSIONS = YES;
				CLANG_ANALYZER_NONNULL = YES;
				CLANG_ANALYZER_NUMBER_OBJECT_CONVERSION = YES_AGGRESSIVE;
				CLANG_CXX_LANGUAGE_STANDARD = "gnu++20";
				CLANG_ENABLE_MODULES = YES;
				CLANG_ENABLE_OBJC_ARC = YES;
				CLANG_ENABLE_OBJC_WEAK = YES;
				CLANG_WARN_BLOCK_CAPTURE_AUTORELEASING = YES;
				CLANG_WARN_BOOL_CONVERSION = YES;
				CLANG_WARN_COMMA = YES;
				CLANG_WARN_CONSTANT_CONVERSION = YES;
				CLANG_WARN_DEPRECATED_OBJC_IMPLEMENTATIONS = YES;
				CLANG_WARN_DIRECT_OBJC_ISA_USAGE = YES_ERROR;
				CLANG_WARN_DOCUMENTATION_COMMENTS = YES;
				CLANG_WARN_EMPTY_BODY = YES;
				CLANG_WARN_ENUM_CONVERSION = YES;
				CLANG_WARN_INFINITE_RECURSION = YES;
				CLANG_WARN_INT_CONVERSION = YES;
				CLANG_WARN_NON_LITERAL_NULL_CONVERSION = YES;
				CLANG_WARN_OBJC_IMPLICIT_RETAIN_SELF = YES;
				CLANG_WARN_OBJC_LITERAL_CONVERSION = YES;
				CLANG_WARN_OBJC_ROOT_CLASS = YES_ERROR;
				CLANG_WARN_QUOTED_INCLUDE_IN_FRAMEWORK_HEADER = YES;
				CLANG_WARN_RANGE_LOOP_ANALYSIS = YES;
				CLANG_WARN_STRICT_PROTOTYPES = YES;
				CLANG_WARN_SUSPICIOUS_MOVE = YES;
				CLANG_WARN_UNGUARDED_AVAILABILITY = YES_AGGRESSIVE;
				CLANG_WARN_UNREACHABLE_CODE = YES;
				CLANG_WARN__DUPLICATE_METHOD_MATCH = YES;
				COPY_PHASE_STRIP = NO;
				DEBUG_INFORMATION_FORMAT = "dwarf-with-dsym";
				ENABLE_NS_ASSERTIONS = NO;
				ENABLE_STRICT_OBJC_MSGSEND = YES;
				ENABLE_USER_SCRIPT_SANDBOXING = YES;
				GCC_C_LANGUAGE_STANDARD = gnu17;
				GCC_NO_COMMON_BLOCKS = YES;
				GCC_WARN_64_TO_32_BIT_CONVERSION = YES;
				GCC_WARN_ABOUT_RETURN_TYPE = YES_ERROR;
				GCC_WARN_UNDECLARED_SELECTOR = YES;
				GCC_WARN_UNINITIALIZED_AUTOS = YES_AGGRESSIVE;
				GCC_WARN_UNUSED_FUNCTION = YES;
				GCC_WARN_UNUSED_VARIABLE = YES;
				IPHONEOS_DEPLOYMENT_TARGET = 17.0;
				LOCALIZATION_PREFERS_STRING_CATALOGS = YES;
				MTL_ENABLE_DEBUG_INFO = NO;
				MTL_FAST_MATH = YES;
				SDKROOT = iphoneos;
				SWIFT_COMPILATION_MODE = wholemodule;
				VALIDATE_PRODUCT = YES;
			};
			name = Release;
		};
		A25EEAA02BB7D7AE005290C7 /* Debug */ = {
			isa = XCBuildConfiguration;
			buildSettings = {
				ASSETCATALOG_COMPILER_APPICON_NAME = AppIcon;
				ASSETCATALOG_COMPILER_GLOBAL_ACCENT_COLOR_NAME = AccentColor;
				BASE_URL = "http://3.39.169.52:3000/api";
				CODE_SIGN_STYLE = Automatic;
				CURRENT_PROJECT_VERSION = 1;
				DEVELOPMENT_TEAM = LM9BKUSL5K;
				GENERATE_INFOPLIST_FILE = YES;
				INFOPLIST_FILE = "34th-SOPT-1st-Seminar/Info.plist";
				INFOPLIST_KEY_UIApplicationSupportsIndirectInputEvents = YES;
				INFOPLIST_KEY_UILaunchStoryboardName = LaunchScreen;
				INFOPLIST_KEY_UIMainStoryboardFile = Main;
				INFOPLIST_KEY_UISupportedInterfaceOrientations_iPad = "UIInterfaceOrientationPortrait UIInterfaceOrientationPortraitUpsideDown UIInterfaceOrientationLandscapeLeft UIInterfaceOrientationLandscapeRight";
				INFOPLIST_KEY_UISupportedInterfaceOrientations_iPhone = "UIInterfaceOrientationPortrait UIInterfaceOrientationLandscapeLeft UIInterfaceOrientationLandscapeRight";
				LD_RUNPATH_SEARCH_PATHS = (
					"$(inherited)",
					"@executable_path/Frameworks",
				);
				MARKETING_VERSION = 1.0;
				PRODUCT_BUNDLE_IDENTIFIER = "com.seori.-4th-SOPT-1st-Seminar";
				PRODUCT_NAME = "$(TARGET_NAME)";
				SWIFT_EMIT_LOC_STRINGS = YES;
				SWIFT_VERSION = 5.0;
				TARGETED_DEVICE_FAMILY = "1,2";
			};
			name = Debug;
		};
		A25EEAA12BB7D7AE005290C7 /* Release */ = {
			isa = XCBuildConfiguration;
			buildSettings = {
				ASSETCATALOG_COMPILER_APPICON_NAME = AppIcon;
				ASSETCATALOG_COMPILER_GLOBAL_ACCENT_COLOR_NAME = AccentColor;
				BASE_URL = "http://3.39.169.52:3000/api";
				CODE_SIGN_STYLE = Automatic;
				CURRENT_PROJECT_VERSION = 1;
				DEVELOPMENT_TEAM = LM9BKUSL5K;
				GENERATE_INFOPLIST_FILE = YES;
				INFOPLIST_FILE = "34th-SOPT-1st-Seminar/Info.plist";
				INFOPLIST_KEY_UIApplicationSupportsIndirectInputEvents = YES;
				INFOPLIST_KEY_UILaunchStoryboardName = LaunchScreen;
				INFOPLIST_KEY_UIMainStoryboardFile = Main;
				INFOPLIST_KEY_UISupportedInterfaceOrientations_iPad = "UIInterfaceOrientationPortrait UIInterfaceOrientationPortraitUpsideDown UIInterfaceOrientationLandscapeLeft UIInterfaceOrientationLandscapeRight";
				INFOPLIST_KEY_UISupportedInterfaceOrientations_iPhone = "UIInterfaceOrientationPortrait UIInterfaceOrientationLandscapeLeft UIInterfaceOrientationLandscapeRight";
				LD_RUNPATH_SEARCH_PATHS = (
					"$(inherited)",
					"@executable_path/Frameworks",
				);
				MARKETING_VERSION = 1.0;
				PRODUCT_BUNDLE_IDENTIFIER = "com.seori.-4th-SOPT-1st-Seminar";
				PRODUCT_NAME = "$(TARGET_NAME)";
				SWIFT_EMIT_LOC_STRINGS = YES;
				SWIFT_VERSION = 5.0;
				TARGETED_DEVICE_FAMILY = "1,2";
			};
			name = Release;
		};
/* End XCBuildConfiguration section */

/* Begin XCConfigurationList section */
		A25EEA862BB7D7AD005290C7 /* Build configuration list for PBXProject "34th-SOPT-1st-Seminar" */ = {
			isa = XCConfigurationList;
			buildConfigurations = (
				A25EEA9D2BB7D7AE005290C7 /* Debug */,
				A25EEA9E2BB7D7AE005290C7 /* Release */,
			);
			defaultConfigurationIsVisible = 0;
			defaultConfigurationName = Release;
		};
		A25EEA9F2BB7D7AE005290C7 /* Build configuration list for PBXNativeTarget "34th-SOPT-1st-Seminar" */ = {
			isa = XCConfigurationList;
			buildConfigurations = (
				A25EEAA02BB7D7AE005290C7 /* Debug */,
				A25EEAA12BB7D7AE005290C7 /* Release */,
			);
			defaultConfigurationIsVisible = 0;
			defaultConfigurationName = Release;
		};
/* End XCConfigurationList section */

/* Begin XCRemoteSwiftPackageReference section */
		A23C2F112C01C75600C1A949 /* XCRemoteSwiftPackageReference "RxSwift" */ = {
			isa = XCRemoteSwiftPackageReference;
			repositoryURL = "https://github.com/ReactiveX/RxSwift";
			requirement = {
				kind = upToNextMajorVersion;
				minimumVersion = 6.7.1;
			};
		};
		A257FFDF2BC127F2004F58DD /* XCRemoteSwiftPackageReference "SnapKit" */ = {
			isa = XCRemoteSwiftPackageReference;
			repositoryURL = "https://github.com/SnapKit/SnapKit";
			requirement = {
				kind = upToNextMajorVersion;
				minimumVersion = 5.7.1;
			};
		};
		A293D3032BD389D7007CA9DC /* XCRemoteSwiftPackageReference "Then" */ = {
			isa = XCRemoteSwiftPackageReference;
			repositoryURL = "https://github.com/devxoul/Then";
			requirement = {
				kind = upToNextMajorVersion;
				minimumVersion = 3.0.0;
			};
		};
		A2CBAAAB2BDCCAF500E42ECB /* XCRemoteSwiftPackageReference "Moya" */ = {
			isa = XCRemoteSwiftPackageReference;
			repositoryURL = "https://github.com/Moya/Moya";
			requirement = {
				kind = upToNextMajorVersion;
				minimumVersion = 15.0.3;
			};
		};
/* End XCRemoteSwiftPackageReference section */

/* Begin XCSwiftPackageProductDependency section */
		A23C2F122C01C75600C1A949 /* RxBlocking */ = {
			isa = XCSwiftPackageProductDependency;
			package = A23C2F112C01C75600C1A949 /* XCRemoteSwiftPackageReference "RxSwift" */;
			productName = RxBlocking;
		};
		A23C2F142C01C75600C1A949 /* RxBlocking-Dynamic */ = {
			isa = XCSwiftPackageProductDependency;
			package = A23C2F112C01C75600C1A949 /* XCRemoteSwiftPackageReference "RxSwift" */;
			productName = "RxBlocking-Dynamic";
		};
		A23C2F162C01C75600C1A949 /* RxCocoa */ = {
			isa = XCSwiftPackageProductDependency;
			package = A23C2F112C01C75600C1A949 /* XCRemoteSwiftPackageReference "RxSwift" */;
			productName = RxCocoa;
		};
		A23C2F182C01C75600C1A949 /* RxCocoa-Dynamic */ = {
			isa = XCSwiftPackageProductDependency;
			package = A23C2F112C01C75600C1A949 /* XCRemoteSwiftPackageReference "RxSwift" */;
			productName = "RxCocoa-Dynamic";
		};
		A23C2F1A2C01C75600C1A949 /* RxRelay */ = {
			isa = XCSwiftPackageProductDependency;
			package = A23C2F112C01C75600C1A949 /* XCRemoteSwiftPackageReference "RxSwift" */;
			productName = RxRelay;
		};
		A257FFE02BC127F2004F58DD /* SnapKit */ = {
			isa = XCSwiftPackageProductDependency;
			package = A257FFDF2BC127F2004F58DD /* XCRemoteSwiftPackageReference "SnapKit" */;
			productName = SnapKit;
		};
		A257FFE22BC127F2004F58DD /* SnapKit-Dynamic */ = {
			isa = XCSwiftPackageProductDependency;
			package = A257FFDF2BC127F2004F58DD /* XCRemoteSwiftPackageReference "SnapKit" */;
			productName = "SnapKit-Dynamic";
		};
		A293D3042BD389D7007CA9DC /* Then */ = {
			isa = XCSwiftPackageProductDependency;
			package = A293D3032BD389D7007CA9DC /* XCRemoteSwiftPackageReference "Then" */;
			productName = Then;
		};
		A2CBAAAC2BDCCAF500E42ECB /* CombineMoya */ = {
			isa = XCSwiftPackageProductDependency;
			package = A2CBAAAB2BDCCAF500E42ECB /* XCRemoteSwiftPackageReference "Moya" */;
			productName = CombineMoya;
		};
		A2CBAAAE2BDCCAF500E42ECB /* Moya */ = {
			isa = XCSwiftPackageProductDependency;
			package = A2CBAAAB2BDCCAF500E42ECB /* XCRemoteSwiftPackageReference "Moya" */;
			productName = Moya;
		};
		A2CBAAB02BDCCAF500E42ECB /* ReactiveMoya */ = {
			isa = XCSwiftPackageProductDependency;
			package = A2CBAAAB2BDCCAF500E42ECB /* XCRemoteSwiftPackageReference "Moya" */;
			productName = ReactiveMoya;
		};
		A2CBAAB22BDCCAF500E42ECB /* RxMoya */ = {
			isa = XCSwiftPackageProductDependency;
			package = A2CBAAAB2BDCCAF500E42ECB /* XCRemoteSwiftPackageReference "Moya" */;
			productName = RxMoya;
		};
/* End XCSwiftPackageProductDependency section */
	};
	rootObject = A25EEA832BB7D7AD005290C7 /* Project object */;
}
